PODS:
  - ffmpeg_kit_flutter_new (1.0.0):
    - ffmpeg_kit_flutter_new/full-gpl (= 1.0.0)
    - FlutterMacOS
  - ffmpeg_kit_flutter_new/full-gpl (1.0.0):
    - FlutterMacOS
  - FlutterMacOS (1.0.0)

DEPENDENCIES:
  - ffmpeg_kit_flutter_new (from `Flutter/ephemeral/.symlinks/plugins/ffmpeg_kit_flutter_new/macos`)
  - FlutterMacOS (from `Flutter/ephemeral`)

EXTERNAL SOURCES:
  ffmpeg_kit_flutter_new:
    :path: Flutter/ephemeral/.symlinks/plugins/ffmpeg_kit_flutter_new/macos
  FlutterMacOS:
    :path: Flutter/ephemeral

SPEC CHECKSUMS:
  ffmpeg_kit_flutter_new: 232d8f11b0946313b329b1b444aaf41c8bf8dccc
  FlutterMacOS: 8f6f14fa908a6fb3fba0cd85dbd81ec4b251fb24

PODFILE CHECKSUM: 0af13ea7a15fad8c02a495a737daafd743f372ad

COCOAPODS: 1.16.2
